// !$*UTF8*$!
{
	archiveVersion = 1;
	classes = {
	};
	objectVersion = 56;
	objects = {

/* Begin PBXBuildFile section */
		CB43F5692B6F4C3400B25CE4 /* Offline_GamesApp.swift in Sources */ = {isa = PBXBuildFile; fileRef = CB43F5682B6F4C3400B25CE4 /* Offline_GamesApp.swift */; };
		CB43F56B2B6F4C3400B25CE4 /* ContentView.swift in Sources */ = {isa = PBXBuildFile; fileRef = CB43F56A2B6F4C3400B25CE4 /* ContentView.swift */; };
		CB43F56D2B6F4C3800B25CE4 /* Assets.xcassets in Resources */ = {isa = PBXBuildFile; fileRef = CB43F56C2B6F4C3800B25CE4 /* Assets.xcassets */; };
		CB43F5702B6F4C3800B25CE4 /* Preview Assets.xcassets in Resources */ = {isa = PBXBuildFile; fileRef = CB43F56F2B6F4C3800B25CE4 /* Preview Assets.xcassets */; };
		CB43F5772B730B1800B25CE4 /* RockPaperScissors.swift in Sources */ = {isa = PBXBuildFile; fileRef = CB43F5762B730B1700B25CE4 /* RockPaperScissors.swift */; };
		CB43F57B2B732C3100B25CE4 /* Bullseye.swift in Sources */ = {isa = PBXBuildFile; fileRef = CB43F57A2B732C3100B25CE4 /* Bullseye.swift */; };
		CB43F57D2B732C4000B25CE4 /* Snake.swift in Sources */ = {isa = PBXBuildFile; fileRef = CB43F57C2B732C4000B25CE4 /* Snake.swift */; };
		CB43F57F2B732C5000B25CE4 /* MemoryGame.swift in Sources */ = {isa = PBXBuildFile; fileRef = CB43F57E2B732C5000B25CE4 /* MemoryGame.swift */; };
		CB43F5812B77348300B25CE4 /* SplashScreenView.swift in Sources */ = {isa = PBXBuildFile; fileRef = CB43F5802B77348300B25CE4 /* SplashScreenView.swift */; };
		CB5F643C2B8121590016A61B /* LoginView.swift in Sources */ = {isa = PBXBuildFile; fileRef = CB5F643B2B8121590016A61B /* LoginView.swift */; };
		CBEFCE302B81BC2400506F6C /* SettingsView.swift in Sources */ = {isa = PBXBuildFile; fileRef = CBEFCE2F2B81BC2400506F6C /* SettingsView.swift */; };
/* End PBXBuildFile section */

/* Begin PBXFileReference section */
		CB43F5652B6F4C3400B25CE4 /* Offline Games.app */ = {isa = PBXFileReference; explicitFileType = wrapper.application; includeInIndex = 0; path = "Offline Games.app"; sourceTree = BUILT_PRODUCTS_DIR; };
		CB43F5682B6F4C3400B25CE4 /* Offline_GamesApp.swift */ = {isa = PBXFileReference; lastKnownFileType = sourcecode.swift; path = Offline_GamesApp.swift; sourceTree = "<group>"; };
		CB43F56A2B6F4C3400B25CE4 /* ContentView.swift */ = {isa = PBXFileReference; lastKnownFileType = sourcecode.swift; path = ContentView.swift; sourceTree = "<group>"; };
		CB43F56C2B6F4C3800B25CE4 /* Assets.xcassets */ = {isa = PBXFileReference; lastKnownFileType = folder.assetcatalog; path = Assets.xcassets; sourceTree = "<group>"; };
		CB43F56F2B6F4C3800B25CE4 /* Preview Assets.xcassets */ = {isa = PBXFileReference; lastKnownFileType = folder.assetcatalog; path = "Preview Assets.xcassets"; sourceTree = "<group>"; };
		CB43F5762B730B1700B25CE4 /* RockPaperScissors.swift */ = {isa = PBXFileReference; lastKnownFileType = sourcecode.swift; path = RockPaperScissors.swift; sourceTree = "<group>"; };
		CB43F57A2B732C3100B25CE4 /* Bullseye.swift */ = {isa = PBXFileReference; lastKnownFileType = sourcecode.swift; path = Bullseye.swift; sourceTree = "<group>"; };
		CB43F57C2B732C4000B25CE4 /* Snake.swift */ = {isa = PBXFileReference; lastKnownFileType = sourcecode.swift; path = Snake.swift; sourceTree = "<group>"; };
		CB43F57E2B732C5000B25CE4 /* MemoryGame.swift */ = {isa = PBXFileReference; lastKnownFileType = sourcecode.swift; path = MemoryGame.swift; sourceTree = "<group>"; };
		CB43F5802B77348300B25CE4 /* SplashScreenView.swift */ = {isa = PBXFileReference; lastKnownFileType = sourcecode.swift; path = SplashScreenView.swift; sourceTree = "<group>"; };
		CB5F643B2B8121590016A61B /* LoginView.swift */ = {isa = PBXFileReference; lastKnownFileType = sourcecode.swift; path = LoginView.swift; sourceTree = "<group>"; };
		CBEFCE2F2B81BC2400506F6C /* SettingsView.swift */ = {isa = PBXFileReference; lastKnownFileType = sourcecode.swift; path = SettingsView.swift; sourceTree = "<group>"; };
/* End PBXFileReference section */

/* Begin PBXFrameworksBuildPhase section */
		CB43F5622B6F4C3400B25CE4 /* Frameworks */ = {
			isa = PBXFrameworksBuildPhase;
			buildActionMask = 2147483647;
			files = (
			);
			runOnlyForDeploymentPostprocessing = 0;
		};
/* End PBXFrameworksBuildPhase section */

/* Begin PBXGroup section */
		CB43F55C2B6F4C3400B25CE4 = {
			isa = PBXGroup;
			children = (
				CB43F5672B6F4C3400B25CE4 /* Offline Games */,
				CB43F5662B6F4C3400B25CE4 /* Products */,
			);
			sourceTree = "<group>";
		};
		CB43F5662B6F4C3400B25CE4 /* Products */ = {
			isa = PBXGroup;
			children = (
				CB43F5652B6F4C3400B25CE4 /* Offline Games.app */,
			);
			name = Products;
			sourceTree = "<group>";
		};
		CB43F5672B6F4C3400B25CE4 /* Offline Games */ = {
			isa = PBXGroup;
			children = (
				CB43F5682B6F4C3400B25CE4 /* Offline_GamesApp.swift */,
				CB5F643B2B8121590016A61B /* LoginView.swift */,
				CB43F57A2B732C3100B25CE4 /* Bullseye.swift */,
				CB43F57C2B732C4000B25CE4 /* Snake.swift */,
				CB43F5802B77348300B25CE4 /* SplashScreenView.swift */,
				CBEFCE2F2B81BC2400506F6C /* SettingsView.swift */,
				CB43F57E2B732C5000B25CE4 /* MemoryGame.swift */,
				CB43F5762B730B1700B25CE4 /* RockPaperScissors.swift */,
				CB43F56A2B6F4C3400B25CE4 /* ContentView.swift */,
				CB43F56C2B6F4C3800B25CE4 /* Assets.xcassets */,
				CB43F56E2B6F4C3800B25CE4 /* Preview Content */,
			);
			path = "Offline Games";
			sourceTree = "<group>";
		};
		CB43F56E2B6F4C3800B25CE4 /* Preview Content */ = {
			isa = PBXGroup;
			children = (
				CB43F56F2B6F4C3800B25CE4 /* Preview Assets.xcassets */,
			);
			path = "Preview Content";
			sourceTree = "<group>";
		};
/* End PBXGroup section */

/* Begin PBXNativeTarget section */
		CB43F5642B6F4C3400B25CE4 /* Offline Games */ = {
			isa = PBXNativeTarget;
			buildConfigurationList = CB43F5732B6F4C3800B25CE4 /* Build configuration list for PBXNativeTarget "Offline Games" */;
			buildPhases = (
				CB43F5612B6F4C3400B25CE4 /* Sources */,
				CB43F5622B6F4C3400B25CE4 /* Frameworks */,
				CB43F5632B6F4C3400B25CE4 /* Resources */,
			);
			buildRules = (
			);
			dependencies = (
			);
			name = "Offline Games";
			productName = "Offline Games";
			productReference = CB43F5652B6F4C3400B25CE4 /* Offline Games.app */;
			productType = "com.apple.product-type.application";
		};
/* End PBXNativeTarget section */

/* Begin PBXProject section */
		CB43F55D2B6F4C3400B25CE4 /* Project object */ = {
			isa = PBXProject;
			attributes = {
				BuildIndependentTargetsInParallel = 1;
				LastSwiftUpdateCheck = 1520;
				LastUpgradeCheck = 1520;
				TargetAttributes = {
					CB43F5642B6F4C3400B25CE4 = {
						CreatedOnToolsVersion = 15.2;
					};
				};
			};
			buildConfigurationList = CB43F5602B6F4C3400B25CE4 /* Build configuration list for PBXProject "Offline Games" */;
			compatibilityVersion = "Xcode 14.0";
			developmentRegion = en;
			hasScannedForEncodings = 0;
			knownRegions = (
				en,
				Base,
			);
			mainGroup = CB43F55C2B6F4C3400B25CE4;
			productRefGroup = CB43F5662B6F4C3400B25CE4 /* Products */;
			projectDirPath = "";
			projectRoot = "";
			targets = (
				CB43F5642B6F4C3400B25CE4 /* Offline Games */,
			);
		};
/* End PBXProject section */

/* Begin PBXResourcesBuildPhase section */
		CB43F5632B6F4C3400B25CE4 /* Resources */ = {
			isa = PBXResourcesBuildPhase;
			buildActionMask = 2147483647;
			files = (
				CB43F5702B6F4C3800B25CE4 /* Preview Assets.xcassets in Resources */,
				CB43F56D2B6F4C3800B25CE4 /* Assets.xcassets in Resources */,
			);
			runOnlyForDeploymentPostprocessing = 0;
		};
/* End PBXResourcesBuildPhase section */

/* Begin PBXSourcesBuildPhase section */
		CB43F5612B6F4C3400B25CE4 /* Sources */ = {
			isa = PBXSourcesBuildPhase;
			buildActionMask = 2147483647;
			files = (
				CB43F5812B77348300B25CE4 /* SplashScreenView.swift in Sources */,
				CB43F56B2B6F4C3400B25CE4 /* ContentView.swift in Sources */,
				CB43F5692B6F4C3400B25CE4 /* Offline_GamesApp.swift in Sources */,
				CBEFCE302B81BC2400506F6C /* SettingsView.swift in Sources */,
				CB43F57D2B732C4000B25CE4 /* Snake.swift in Sources */,
				CB43F57B2B732C3100B25CE4 /* Bullseye.swift in Sources */,
				CB43F5772B730B1800B25CE4 /* RockPaperScissors.swift in Sources */,
				CB5F643C2B8121590016A61B /* LoginView.swift in Sources */,
				CB43F57F2B732C5000B25CE4 /* MemoryGame.swift in Sources */,
			);
			runOnlyForDeploymentPostprocessing = 0;
		};
/* End PBXSourcesBuildPhase section */

/* Begin XCBuildConfiguration section */
		CB43F5712B6F4C3800B25CE4 /* Debug */ = {
			isa = XCBuildConfiguration;
			buildSettings = {
				ALWAYS_SEARCH_USER_PATHS = NO;
				ASSETCATALOG_COMPILER_GENERATE_SWIFT_ASSET_SYMBOL_EXTENSIONS = YES;
				CLANG_ANALYZER_NONNULL = YES;
				CLANG_ANALYZER_NUMBER_OBJECT_CONVERSION = YES_AGGRESSIVE;
				CLANG_CXX_LANGUAGE_STANDARD = "gnu++20";
				CLANG_ENABLE_MODULES = YES;
				CLANG_ENABLE_OBJC_ARC = YES;
				CLANG_ENABLE_OBJC_WEAK = YES;
				CLANG_WARN_BLOCK_CAPTURE_AUTORELEASING = YES;
				CLANG_WARN_BOOL_CONVERSION = YES;
				CLANG_WARN_COMMA = YES;
				CLANG_WARN_CONSTANT_CONVERSION = YES;
				CLANG_WARN_DEPRECATED_OBJC_IMPLEMENTATIONS = YES;
				CLANG_WARN_DIRECT_OBJC_ISA_USAGE = YES_ERROR;
				CLANG_WARN_DOCUMENTATION_COMMENTS = YES;
				CLANG_WARN_EMPTY_BODY = YES;
				CLANG_WARN_ENUM_CONVERSION = YES;
				CLANG_WARN_INFINITE_RECURSION = YES;
				CLANG_WARN_INT_CONVERSION = YES;
				CLANG_WARN_NON_LITERAL_NULL_CONVERSION = YES;
				CLANG_WARN_OBJC_IMPLICIT_RETAIN_SELF = YES;
				CLANG_WARN_OBJC_LITERAL_CONVERSION = YES;
				CLANG_WARN_OBJC_ROOT_CLASS = YES_ERROR;
				CLANG_WARN_QUOTED_INCLUDE_IN_FRAMEWORK_HEADER = YES;
				CLANG_WARN_RANGE_LOOP_ANALYSIS = YES;
				CLANG_WARN_STRICT_PROTOTYPES = YES;
				CLANG_WARN_SUSPICIOUS_MOVE = YES;
				CLANG_WARN_UNGUARDED_AVAILABILITY = YES_AGGRESSIVE;
				CLANG_WARN_UNREACHABLE_CODE = YES;
				CLANG_WARN__DUPLICATE_METHOD_MATCH = YES;
				COPY_PHASE_STRIP = NO;
				DEBUG_INFORMATION_FORMAT = dwarf;
				ENABLE_STRICT_OBJC_MSGSEND = YES;
				ENABLE_TESTABILITY = YES;
				ENABLE_USER_SCRIPT_SANDBOXING = YES;
				GCC_C_LANGUAGE_STANDARD = gnu17;
				GCC_DYNAMIC_NO_PIC = NO;
				GCC_NO_COMMON_BLOCKS = YES;
				GCC_OPTIMIZATION_LEVEL = 0;
				GCC_PREPROCESSOR_DEFINITIONS = (
					"DEBUG=1",
					"$(inherited)",
				);
				GCC_WARN_64_TO_32_BIT_CONVERSION = YES;
				GCC_WARN_ABOUT_RETURN_TYPE = YES_ERROR;
				GCC_WARN_UNDECLARED_SELECTOR = YES;
				GCC_WARN_UNINITIALIZED_AUTOS = YES_AGGRESSIVE;
				GCC_WARN_UNUSED_FUNCTION = YES;
				GCC_WARN_UNUSED_VARIABLE = YES;
				IPHONEOS_DEPLOYMENT_TARGET = 17.2;
				LOCALIZATION_PREFERS_STRING_CATALOGS = YES;
				MTL_ENABLE_DEBUG_INFO = INCLUDE_SOURCE;
				MTL_FAST_MATH = YES;
				ONLY_ACTIVE_ARCH = YES;
				SDKROOT = iphoneos;
				SWIFT_ACTIVE_COMPILATION_CONDITIONS = "DEBUG $(inherited)";
				SWIFT_OPTIMIZATION_LEVEL = "-Onone";
			};
			name = Debug;
		};
		CB43F5722B6F4C3800B25CE4 /* Release */ = {
			isa = XCBuildConfiguration;
			buildSettings = {
				ALWAYS_SEARCH_USER_PATHS = NO;
				ASSETCATALOG_COMPILER_GENERATE_SWIFT_ASSET_SYMBOL_EXTENSIONS = YES;
				CLANG_ANALYZER_NONNULL = YES;
				CLANG_ANALYZER_NUMBER_OBJECT_CONVERSION = YES_AGGRESSIVE;
				CLANG_CXX_LANGUAGE_STANDARD = "gnu++20";
				CLANG_ENABLE_MODULES = YES;
				CLANG_ENABLE_OBJC_ARC = YES;
				CLANG_ENABLE_OBJC_WEAK = YES;
				CLANG_WARN_BLOCK_CAPTURE_AUTORELEASING = YES;
				CLANG_WARN_BOOL_CONVERSION = YES;
				CLANG_WARN_COMMA = YES;
				CLANG_WARN_CONSTANT_CONVERSION = YES;
				CLANG_WARN_DEPRECATED_OBJC_IMPLEMENTATIONS = YES;
				CLANG_WARN_DIRECT_OBJC_ISA_USAGE = YES_ERROR;
				CLANG_WARN_DOCUMENTATION_COMMENTS = YES;
				CLANG_WARN_EMPTY_BODY = YES;
				CLANG_WARN_ENUM_CONVERSION = YES;
				CLANG_WARN_INFINITE_RECURSION = YES;
				CLANG_WARN_INT_CONVERSION = YES;
				CLANG_WARN_NON_LITERAL_NULL_CONVERSION = YES;
				CLANG_WARN_OBJC_IMPLICIT_RETAIN_SELF = YES;
				CLANG_WARN_OBJC_LITERAL_CONVERSION = YES;
				CLANG_WARN_OBJC_ROOT_CLASS = YES_ERROR;
				CLANG_WARN_QUOTED_INCLUDE_IN_FRAMEWORK_HEADER = YES;
				CLANG_WARN_RANGE_LOOP_ANALYSIS = YES;
				CLANG_WARN_STRICT_PROTOTYPES = YES;
				CLANG_WARN_SUSPICIOUS_MOVE = YES;
				CLANG_WARN_UNGUARDED_AVAILABILITY = YES_AGGRESSIVE;
				CLANG_WARN_UNREACHABLE_CODE = YES;
				CLANG_WARN__DUPLICATE_METHOD_MATCH = YES;
				COPY_PHASE_STRIP = NO;
				DEBUG_INFORMATION_FORMAT = "dwarf-with-dsym";
				ENABLE_NS_ASSERTIONS = NO;
				ENABLE_STRICT_OBJC_MSGSEND = YES;
				ENABLE_USER_SCRIPT_SANDBOXING = YES;
				GCC_C_LANGUAGE_STANDARD = gnu17;
				GCC_NO_COMMON_BLOCKS = YES;
				GCC_WARN_64_TO_32_BIT_CONVERSION = YES;
				GCC_WARN_ABOUT_RETURN_TYPE = YES_ERROR;
				GCC_WARN_UNDECLARED_SELECTOR = YES;
				GCC_WARN_UNINITIALIZED_AUTOS = YES_AGGRESSIVE;
				GCC_WARN_UNUSED_FUNCTION = YES;
				GCC_WARN_UNUSED_VARIABLE = YES;
				IPHONEOS_DEPLOYMENT_TARGET = 17.2;
				LOCALIZATION_PREFERS_STRING_CATALOGS = YES;
				MTL_ENABLE_DEBUG_INFO = NO;
				MTL_FAST_MATH = YES;
				SDKROOT = iphoneos;
				SWIFT_COMPILATION_MODE = wholemodule;
				VALIDATE_PRODUCT = YES;
			};
			name = Release;
		};
		CB43F5742B6F4C3800B25CE4 /* Debug */ = {
			isa = XCBuildConfiguration;
			buildSettings = {
				ASSETCATALOG_COMPILER_APPICON_NAME = AppIcon;
				ASSETCATALOG_COMPILER_GLOBAL_ACCENT_COLOR_NAME = AccentColor;
				CODE_SIGN_STYLE = Automatic;
				CURRENT_PROJECT_VERSION = 1;
				DEVELOPMENT_ASSET_PATHS = "\"Offline Games/Preview Content\"";
				DEVELOPMENT_TEAM = NYV9X5TUNK;
				ENABLE_PREVIEWS = YES;
				GENERATE_INFOPLIST_FILE = YES;
				INFOPLIST_KEY_UIApplicationSceneManifest_Generation = YES;
				INFOPLIST_KEY_UIApplicationSupportsIndirectInputEvents = YES;
				INFOPLIST_KEY_UILaunchScreen_Generation = YES;
				INFOPLIST_KEY_UISupportedInterfaceOrientations_iPad = "UIInterfaceOrientationPortrait UIInterfaceOrientationPortraitUpsideDown UIInterfaceOrientationLandscapeLeft UIInterfaceOrientationLandscapeRight";
				INFOPLIST_KEY_UISupportedInterfaceOrientations_iPhone = "UIInterfaceOrientationPortrait UIInterfaceOrientationLandscapeLeft UIInterfaceOrientationLandscapeRight";
				LD_RUNPATH_SEARCH_PATHS = (
					"$(inherited)",
					"@executable_path/Frameworks",
				);
				MARKETING_VERSION = 1.0;
				PRODUCT_BUNDLE_IDENTIFIER = "co.arora.Offline-Games";
				PRODUCT_NAME = "$(TARGET_NAME)";
				SWIFT_EMIT_LOC_STRINGS = YES;
				SWIFT_VERSION = 5.0;
				TARGETED_DEVICE_FAMILY = "1,2";
			};
			name = Debug;
		};
		CB43F5752B6F4C3800B25CE4 /* Release */ = {
			isa = XCBuildConfiguration;
			buildSettings = {
				ASSETCATALOG_COMPILER_APPICON_NAME = AppIcon;
				ASSETCATALOG_COMPILER_GLOBAL_ACCENT_COLOR_NAME = AccentColor;
				CODE_SIGN_STYLE = Automatic;
				CURRENT_PROJECT_VERSION = 1;
				DEVELOPMENT_ASSET_PATHS = "\"Offline Games/Preview Content\"";
				DEVELOPMENT_TEAM = NYV9X5TUNK;
				ENABLE_PREVIEWS = YES;
				GENERATE_INFOPLIST_FILE = YES;
				INFOPLIST_KEY_UIApplicationSceneManifest_Generation = YES;
				INFOPLIST_KEY_UIApplicationSupportsIndirectInputEvents = YES;
				INFOPLIST_KEY_UILaunchScreen_Generation = YES;
				INFOPLIST_KEY_UISupportedInterfaceOrientations_iPad = "UIInterfaceOrientationPortrait UIInterfaceOrientationPortraitUpsideDown UIInterfaceOrientationLandscapeLeft UIInterfaceOrientationLandscapeRight";
				INFOPLIST_KEY_UISupportedInterfaceOrientations_iPhone = "UIInterfaceOrientationPortrait UIInterfaceOrientationLandscapeLeft UIInterfaceOrientationLandscapeRight";
				LD_RUNPATH_SEARCH_PATHS = (
					"$(inherited)",
					"@executable_path/Frameworks",
				);
				MARKETING_VERSION = 1.0;
				PRODUCT_BUNDLE_IDENTIFIER = "co.arora.Offline-Games";
				PRODUCT_NAME = "$(TARGET_NAME)";
				SWIFT_EMIT_LOC_STRINGS = YES;
				SWIFT_VERSION = 5.0;
				TARGETED_DEVICE_FAMILY = "1,2";
			};
			name = Release;
		};
/* End XCBuildConfiguration section */

/* Begin XCConfigurationList section */
		CB43F5602B6F4C3400B25CE4 /* Build configuration list for PBXProject "Offline Games" */ = {
			isa = XCConfigurationList;
			buildConfigurations = (
				CB43F5712B6F4C3800B25CE4 /* Debug */,
				CB43F5722B6F4C3800B25CE4 /* Release */,
			);
			defaultConfigurationIsVisible = 0;
			defaultConfigurationName = Release;
		};
		CB43F5732B6F4C3800B25CE4 /* Build configuration list for PBXNativeTarget "Offline Games" */ = {
			isa = XCConfigurationList;
			buildConfigurations = (
				CB43F5742B6F4C3800B25CE4 /* Debug */,
				CB43F5752B6F4C3800B25CE4 /* Release */,
			);
			defaultConfigurationIsVisible = 0;
			defaultConfigurationName = Release;
		};
/* End XCConfigurationList section */
	};
	rootObject = CB43F55D2B6F4C3400B25CE4 /* Project object */;
}
